
Microsoft Visual Studio Solution File, Format Version 12.00
# Visual Studio 15
VisualStudioVersion = 15.0.28307.539
MinimumVisualStudioVersion = 10.0.40219.1
Project("{FAE04EC0-301F-11D3-BF4B-00C04F79EFBC}") = "AdventOfCode.Test", "AdventOfCode.Test\AdventOfCode.Test.csproj", "{EC0ADA83-6A0F-46F6-9B90-F1755C75C1F1}"
EndProject
Project("{FAE04EC0-301F-11D3-BF4B-00C04F79EFBC}") = "AdventOfCode", "AdventOfCode\AdventOfCode.csproj", "{76FD57F5-2140-4DC3-97C0-CCFEFD975CCC}"
EndProject
Project("{FAE04EC0-301F-11D3-BF4B-00C04F79EFBC}") = "AdventOfCode.Runner", "AdventOfCode.Runner\AdventOfCode.Runner.csproj", "{841D64C1-5825-46AA-B5BC-6B91A030FE32}"
EndProject
Global
	GlobalSection(SolutionConfigurationPlatforms) = preSolution
		Debug|Any CPU = Debug|Any CPU
		Release|Any CPU = Release|Any CPU
	EndGlobalSection
	GlobalSection(ProjectConfigurationPlatforms) = postSolution
		{EC0ADA83-6A0F-46F6-9B90-F1755C75C1F1}.Debug|Any CPU.ActiveCfg = Debug|Any CPU
		{EC0ADA83-6A0F-46F6-9B90-F1755C75C1F1}.Debug|Any CPU.Build.0 = Debug|Any CPU
		{EC0ADA83-6A0F-46F6-9B90-F1755C75C1F1}.Release|Any CPU.ActiveCfg = Release|Any CPU
		{EC0ADA83-6A0F-46F6-9B90-F1755C75C1F1}.Release|Any CPU.Build.0 = Release|Any CPU
		{76FD57F5-2140-4DC3-97C0-CCFEFD975CCC}.Debug|Any CPU.ActiveCfg = Debug|Any CPU
		{76FD57F5-2140-4DC3-97C0-CCFEFD975CCC}.Debug|Any CPU.Build.0 = Debug|Any CPU
		{76FD57F5-2140-4DC3-97C0-CCFEFD975CCC}.Release|Any CPU.ActiveCfg = Release|Any CPU
		{76FD57F5-2140-4DC3-97C0-CCFEFD975CCC}.Release|Any CPU.Build.0 = Release|Any CPU
		{841D64C1-5825-46AA-B5BC-6B91A030FE32}.Debug|Any CPU.ActiveCfg = Debug|Any CPU
		{841D64C1-5825-46AA-B5BC-6B91A030FE32}.Debug|Any CPU.Build.0 = Debug|Any CPU
		{841D64C1-5825-46AA-B5BC-6B91A030FE32}.Release|Any CPU.ActiveCfg = Release|Any CPU
		{841D64C1-5825-46AA-B5BC-6B91A030FE32}.Release|Any CPU.Build.0 = Release|Any CPU
	EndGlobalSection
	GlobalSection(SolutionProperties) = preSolution
		HideSolutionNode = FALSE
	EndGlobalSection
	GlobalSection(ExtensibilityGlobals) = postSolution
		SolutionGuid = {C29473D0-9C78-423B-B579-7AB3783A95B2}
	EndGlobalSection
EndGlobal
