
Microsoft Visual Studio Solution File, Format Version 12.00
# Visual Studio 15
VisualStudioVersion = 15.0.28307.539
MinimumVisualStudioVersion = 10.0.40219.1
Project("{9A19103F-16F7-4668-BE54-9A1E7A4F7556}") = "mpaauw-solutions", "src\mpaauw-solutions\mpaauw-solutions.csproj", "{B3B0929E-C5C4-4757-ADF4-D06C1EF20BFF}"
EndProject
Global
	GlobalSection(SolutionConfigurationPlatforms) = preSolution
		Debug|Any CPU = Debug|Any CPU
		Release|Any CPU = Release|Any CPU
	EndGlobalSection
	GlobalSection(ProjectConfigurationPlatforms) = postSolution
		{B3B0929E-C5C4-4757-ADF4-D06C1EF20BFF}.Debug|Any CPU.ActiveCfg = Debug|Any CPU
		{B3B0929E-C5C4-4757-ADF4-D06C1EF20BFF}.Debug|Any CPU.Build.0 = Debug|Any CPU
		{B3B0929E-C5C4-4757-ADF4-D06C1EF20BFF}.Release|Any CPU.ActiveCfg = Release|Any CPU
		{B3B0929E-C5C4-4757-ADF4-D06C1EF20BFF}.Release|Any CPU.Build.0 = Release|Any CPU
	EndGlobalSection
	GlobalSection(SolutionProperties) = preSolution
		HideSolutionNode = FALSE
	EndGlobalSection
	GlobalSection(ExtensibilityGlobals) = postSolution
		SolutionGuid = {C29473D0-9C78-423B-B579-7AB3783A95B2}
	EndGlobalSection
EndGlobal
